
Microsoft Visual Studio Solution File, Format Version 12.00
# Visual Studio Version 16
VisualStudioVersion = 16.0.31727.386
MinimumVisualStudioVersion = 10.0.40219.1
Project("{FAE04EC0-301F-11D3-BF4B-00C04F79EFBC}") = "DadJoke.Web", "DadJoke.Web\DadJoke.Web.csproj", "{999F14CA-497D-4205-AFA5-AD5DCF8B65CF}"
EndProject
Global
	GlobalSection(SolutionConfigurationPlatforms) = preSolution
		Debug|Any CPU = Debug|Any CPU
		Release|Any CPU = Release|Any CPU
	EndGlobalSection
	GlobalSection(ProjectConfigurationPlatforms) = postSolution
		{999F14CA-497D-4205-AFA5-AD5DCF8B65CF}.Debug|Any CPU.ActiveCfg = Debug|Any CPU
		{999F14CA-497D-4205-AFA5-AD5DCF8B65CF}.Debug|Any CPU.Build.0 = Debug|Any CPU
		{999F14CA-497D-4205-AFA5-AD5DCF8B65CF}.Release|Any CPU.ActiveCfg = Release|Any CPU
		{999F14CA-497D-4205-AFA5-AD5DCF8B65CF}.Release|Any CPU.Build.0 = Release|Any CPU
	EndGlobalSection
	GlobalSection(SolutionProperties) = preSolution
		HideSolutionNode = FALSE
	EndGlobalSection
	GlobalSection(ExtensibilityGlobals) = postSolution
		SolutionGuid = {4A6BB6EB-775B-484E-A354-D8DDB28830F9}
	EndGlobalSection
EndGlobal
